
Microsoft Visual Studio Solution File, Format Version 12.00
# Visual Studio Version 16
VisualStudioVersion = 16.0.29411.108
MinimumVisualStudioVersion = 10.0.40219.1
Project("{9A19103F-16F7-4668-BE54-9A1E7A4F7556}") = "ExcluirVideosAssistirMaisTardeYoutube", "ExcluirVideosAssistirMaisTardeYoutube\ExcluirVideosAssistirMaisTardeYoutube.csproj", "{876F6E1D-9F4E-42E4-A34D-73FC18179F9A}"
EndProject
Project("{FAE04EC0-301F-11D3-BF4B-00C04F79EFBC}") = "ExcluirVideosAssistirMaisTardeYoutube.Test", "ExcluirVideosAssistirMaisTardeYoutube.Test\ExcluirVideosAssistirMaisTardeYoutube.Test.csproj", "{51192993-0C02-4D77-A4EC-81A1FF75FAF2}"
EndProject
Global
	GlobalSection(SolutionConfigurationPlatforms) = preSolution
		Debug|Any CPU = Debug|Any CPU
		Release|Any CPU = Release|Any CPU
	EndGlobalSection
	GlobalSection(ProjectConfigurationPlatforms) = postSolution
		{876F6E1D-9F4E-42E4-A34D-73FC18179F9A}.Debug|Any CPU.ActiveCfg = Debug|Any CPU
		{876F6E1D-9F4E-42E4-A34D-73FC18179F9A}.Debug|Any CPU.Build.0 = Debug|Any CPU
		{876F6E1D-9F4E-42E4-A34D-73FC18179F9A}.Release|Any CPU.ActiveCfg = Release|Any CPU
		{876F6E1D-9F4E-42E4-A34D-73FC18179F9A}.Release|Any CPU.Build.0 = Release|Any CPU
		{51192993-0C02-4D77-A4EC-81A1FF75FAF2}.Debug|Any CPU.ActiveCfg = Debug|Any CPU
		{51192993-0C02-4D77-A4EC-81A1FF75FAF2}.Debug|Any CPU.Build.0 = Debug|Any CPU
		{51192993-0C02-4D77-A4EC-81A1FF75FAF2}.Release|Any CPU.ActiveCfg = Release|Any CPU
		{51192993-0C02-4D77-A4EC-81A1FF75FAF2}.Release|Any CPU.Build.0 = Release|Any CPU
	EndGlobalSection
	GlobalSection(SolutionProperties) = preSolution
		HideSolutionNode = FALSE
	EndGlobalSection
	GlobalSection(ExtensibilityGlobals) = postSolution
		SolutionGuid = {5954C62E-9FBB-4352-AF6C-54E2C3048D6A}
	EndGlobalSection
EndGlobal
